
Microsoft Visual Studio Solution File, Format Version 12.00
# Visual Studio Version 17
VisualStudioVersion = 17.10.34928.147
MinimumVisualStudioVersion = 10.0.40219.1
Project("{2150E333-8FDC-42A3-9474-1A3956D46DE8}") = "Core", "Core", "{9DA80914-81B2-4CF2-8F4A-9BE624812B41}"
EndProject
Project("{2150E333-8FDC-42A3-9474-1A3956D46DE8}") = "Presentation", "Presentation", "{5D3701C7-3785-4743-B12D-152BDF4B030A}"
EndProject
Project("{2150E333-8FDC-42A3-9474-1A3956D46DE8}") = "Infrastructure", "Infrastructure", "{46B3A3C7-9EFD-4D4E-8191-3A757FD1FB79}"
EndProject
Project("{2150E333-8FDC-42A3-9474-1A3956D46DE8}") = "Test", "Test", "{AD6AB418-8AFD-4935-84DC-4D554F31BB1D}"
EndProject
Project("{9A19103F-16F7-4668-BE54-9A1E7A4F7556}") = "ChoucairApp.Core.Domain", "ChoucairApp.Core.Domain\ChoucairApp.Core.Domain.csproj", "{A897D6CD-4AB2-4CFB-A958-D8D38CAD3A44}"
EndProject
Project("{2150E333-8FDC-42A3-9474-1A3956D46DE8}") = "Source", "Source", "{534E799F-2C25-4EC2-A95F-5676ACC2FC05}"
EndProject
Project("{2150E333-8FDC-42A3-9474-1A3956D46DE8}") = "Solution Items", "Solution Items", "{E6AA4DF2-2879-4406-A849-927D2CB7B5BF}"
	ProjectSection(SolutionItems) = preProject
		README.md = README.md
	EndProjectSection
EndProject
Project("{9A19103F-16F7-4668-BE54-9A1E7A4F7556}") = "ChoucairApp.Infrastructure", "ChoucairApp.Infrastructure\ChoucairApp.Infrastructure.csproj", "{E27C26AD-94C1-4113-9CDE-E09BBFEE75B1}"
EndProject
Project("{9A19103F-16F7-4668-BE54-9A1E7A4F7556}") = "ChoucairApp.Presentation.API", "ChoucairApp.Presentation.API\ChoucairApp.Presentation.API.csproj", "{90EA6A46-B469-4934-B703-4F812FDD78BF}"
EndProject
Project("{9A19103F-16F7-4668-BE54-9A1E7A4F7556}") = "ChoucairApp.Core.Application", "ChoucairApp.Core.Application\ChoucairApp.Core.Application.csproj", "{026F1C86-2FA8-4EA9-8661-342926E6AD2F}"
EndProject
Project("{FAE04EC0-301F-11D3-BF4B-00C04F79EFBC}") = "ChoucairApp.Tests", "ChoucairApp.Tests\ChoucairApp.Tests.csproj", "{AC16A5C6-DAB7-4A69-8216-9A25BB0C5A2E}"
EndProject
Global
	GlobalSection(SolutionConfigurationPlatforms) = preSolution
		Debug|Any CPU = Debug|Any CPU
		Release|Any CPU = Release|Any CPU
	EndGlobalSection
	GlobalSection(ProjectConfigurationPlatforms) = postSolution
		{A897D6CD-4AB2-4CFB-A958-D8D38CAD3A44}.Debug|Any CPU.ActiveCfg = Debug|Any CPU
		{A897D6CD-4AB2-4CFB-A958-D8D38CAD3A44}.Debug|Any CPU.Build.0 = Debug|Any CPU
		{A897D6CD-4AB2-4CFB-A958-D8D38CAD3A44}.Release|Any CPU.ActiveCfg = Release|Any CPU
		{A897D6CD-4AB2-4CFB-A958-D8D38CAD3A44}.Release|Any CPU.Build.0 = Release|Any CPU
		{E27C26AD-94C1-4113-9CDE-E09BBFEE75B1}.Debug|Any CPU.ActiveCfg = Debug|Any CPU
		{E27C26AD-94C1-4113-9CDE-E09BBFEE75B1}.Debug|Any CPU.Build.0 = Debug|Any CPU
		{E27C26AD-94C1-4113-9CDE-E09BBFEE75B1}.Release|Any CPU.ActiveCfg = Release|Any CPU
		{E27C26AD-94C1-4113-9CDE-E09BBFEE75B1}.Release|Any CPU.Build.0 = Release|Any CPU
		{90EA6A46-B469-4934-B703-4F812FDD78BF}.Debug|Any CPU.ActiveCfg = Debug|Any CPU
		{90EA6A46-B469-4934-B703-4F812FDD78BF}.Debug|Any CPU.Build.0 = Debug|Any CPU
		{90EA6A46-B469-4934-B703-4F812FDD78BF}.Release|Any CPU.ActiveCfg = Release|Any CPU
		{90EA6A46-B469-4934-B703-4F812FDD78BF}.Release|Any CPU.Build.0 = Release|Any CPU
		{026F1C86-2FA8-4EA9-8661-342926E6AD2F}.Debug|Any CPU.ActiveCfg = Debug|Any CPU
		{026F1C86-2FA8-4EA9-8661-342926E6AD2F}.Debug|Any CPU.Build.0 = Debug|Any CPU
		{026F1C86-2FA8-4EA9-8661-342926E6AD2F}.Release|Any CPU.ActiveCfg = Release|Any CPU
		{026F1C86-2FA8-4EA9-8661-342926E6AD2F}.Release|Any CPU.Build.0 = Release|Any CPU
		{AC16A5C6-DAB7-4A69-8216-9A25BB0C5A2E}.Debug|Any CPU.ActiveCfg = Debug|Any CPU
		{AC16A5C6-DAB7-4A69-8216-9A25BB0C5A2E}.Debug|Any CPU.Build.0 = Debug|Any CPU
		{AC16A5C6-DAB7-4A69-8216-9A25BB0C5A2E}.Release|Any CPU.ActiveCfg = Release|Any CPU
		{AC16A5C6-DAB7-4A69-8216-9A25BB0C5A2E}.Release|Any CPU.Build.0 = Release|Any CPU
	EndGlobalSection
	GlobalSection(SolutionProperties) = preSolution
		HideSolutionNode = FALSE
	EndGlobalSection
	GlobalSection(NestedProjects) = preSolution
		{9DA80914-81B2-4CF2-8F4A-9BE624812B41} = {534E799F-2C25-4EC2-A95F-5676ACC2FC05}
		{5D3701C7-3785-4743-B12D-152BDF4B030A} = {534E799F-2C25-4EC2-A95F-5676ACC2FC05}
		{46B3A3C7-9EFD-4D4E-8191-3A757FD1FB79} = {534E799F-2C25-4EC2-A95F-5676ACC2FC05}
		{AD6AB418-8AFD-4935-84DC-4D554F31BB1D} = {534E799F-2C25-4EC2-A95F-5676ACC2FC05}
		{A897D6CD-4AB2-4CFB-A958-D8D38CAD3A44} = {9DA80914-81B2-4CF2-8F4A-9BE624812B41}
		{E27C26AD-94C1-4113-9CDE-E09BBFEE75B1} = {46B3A3C7-9EFD-4D4E-8191-3A757FD1FB79}
		{90EA6A46-B469-4934-B703-4F812FDD78BF} = {5D3701C7-3785-4743-B12D-152BDF4B030A}
		{026F1C86-2FA8-4EA9-8661-342926E6AD2F} = {9DA80914-81B2-4CF2-8F4A-9BE624812B41}
		{AC16A5C6-DAB7-4A69-8216-9A25BB0C5A2E} = {AD6AB418-8AFD-4935-84DC-4D554F31BB1D}
	EndGlobalSection
	GlobalSection(ExtensibilityGlobals) = postSolution
		SolutionGuid = {51321361-C592-49F2-BA6E-D6689ED2B67D}
	EndGlobalSection
EndGlobal
